
Microsoft Visual Studio Solution File, Format Version 12.00
# Visual Studio Version 16
VisualStudioVersion = 16.0.31205.134
MinimumVisualStudioVersion = 10.0.40219.1
Project("{FAE04EC0-301F-11D3-BF4B-00C04F79EFBC}") = "AwesomeService", "AwesomeService\AwesomeService.csproj", "{219AF01B-5FC4-481B-BE4B-98D89822EAE7}"
EndProject
Global
	GlobalSection(SolutionConfigurationPlatforms) = preSolution
		Debug|Any CPU = Debug|Any CPU
		Release|Any CPU = Release|Any CPU
	EndGlobalSection
	GlobalSection(ProjectConfigurationPlatforms) = postSolution
		{219AF01B-5FC4-481B-BE4B-98D89822EAE7}.Debug|Any CPU.ActiveCfg = Debug|Any CPU
		{219AF01B-5FC4-481B-BE4B-98D89822EAE7}.Debug|Any CPU.Build.0 = Debug|Any CPU
		{219AF01B-5FC4-481B-BE4B-98D89822EAE7}.Release|Any CPU.ActiveCfg = Release|Any CPU
		{219AF01B-5FC4-481B-BE4B-98D89822EAE7}.Release|Any CPU.Build.0 = Release|Any CPU
	EndGlobalSection
	GlobalSection(SolutionProperties) = preSolution
		HideSolutionNode = FALSE
	EndGlobalSection
	GlobalSection(ExtensibilityGlobals) = postSolution
		SolutionGuid = {5180EC25-17FF-472D-8781-D3F6F8783DA5}
	EndGlobalSection
EndGlobal
